{
  "name": "dnd-classes",
  "version": "1.0.0",
  "lockfileVersion": 1,
  "requires": true,
  "dependencies": {
    "rpg-dice-roller": {
      "version": "2.0.0",
      "resolved": "https://registry.npmjs.org/rpg-dice-roller/-/rpg-dice-roller-2.0.0.tgz",
      "integrity": "sha512-Hb8706/9s/ZbRleFRdvcKc3cNEHM/EzhoweazBGlRymCNJAidbgUe/EYDdDHySRyTODCd7UyWZpZEvM6XE2/xg=="
    },
    "voca": {
      "version": "1.4.0",
      "resolved": "https://registry.npmjs.org/voca/-/voca-1.4.0.tgz",
      "integrity": "sha512-8Xz4H3vhYRGbFupLtl6dHwMx0ojUcjt0HYkqZ9oBCfipd/5mD7Md58m2/dq7uPuZU/0T3Gb1m66KS9jn+I+14Q=="
    }
  }
}
